
Microsoft Visual Studio Solution File, Format Version 12.00
# Visual Studio Version 17
VisualStudioVersion = 17.2.32616.157
MinimumVisualStudioVersion = 10.0.40219.1
Project("{FAE04EC0-301F-11D3-BF4B-00C04F79EFBC}") = "DSN_UI", "DSN_UI\DSN_UI.csproj", "{2A597D82-C046-4667-AC0F-68B0066256F7}"
EndProject
Global
	GlobalSection(SolutionConfigurationPlatforms) = preSolution
		Debug|Any CPU = Debug|Any CPU
		Release|Any CPU = Release|Any CPU
	EndGlobalSection
	GlobalSection(ProjectConfigurationPlatforms) = postSolution
		{2A597D82-C046-4667-AC0F-68B0066256F7}.Debug|Any CPU.ActiveCfg = Debug|Any CPU
		{2A597D82-C046-4667-AC0F-68B0066256F7}.Debug|Any CPU.Build.0 = Debug|Any CPU
		{2A597D82-C046-4667-AC0F-68B0066256F7}.Release|Any CPU.ActiveCfg = Release|Any CPU
		{2A597D82-C046-4667-AC0F-68B0066256F7}.Release|Any CPU.Build.0 = Release|Any CPU
	EndGlobalSection
	GlobalSection(SolutionProperties) = preSolution
		HideSolutionNode = FALSE
	EndGlobalSection
	GlobalSection(ExtensibilityGlobals) = postSolution
		SolutionGuid = {BD4401E5-A791-4759-B9B3-6E5D7D9E2078}
	EndGlobalSection
EndGlobal
